# THIS IS AN AUTOGENERATED FILE. DO NOT EDIT THIS FILE DIRECTLY.
# yarn lockfile v1


"@lezer/common@^0.15.0", "@lezer/common@^0.15.7":
  version "0.15.12"
  resolved "https://registry.yarnpkg.com/@lezer/common/-/common-0.15.12.tgz#2f21aec551dd5fd7d24eb069f90f54d5bc6ee5e9"
  integrity sha512-edfwCxNLnzq5pBA/yaIhwJ3U3Kz8VAUOTRg0hhxaizaI1N+qxV7EXDv/kLCkLeq2RzSFvxexlaj5Mzfn2kY0Ig==

"@lezer/lr@^0.15.4":
  version "0.15.8"
  resolved "https://registry.yarnpkg.com/@lezer/lr/-/lr-0.15.8.tgz#1564a911e62b0a0f75ca63794a6aa8c5dc63db21"
  integrity sha512-bM6oE6VQZ6hIFxDNKk8bKPa14hqFrV07J/vHGOeiAbJReIaQXmkVb6xQu4MR+JBTLa5arGRyAAjJe1qaQt3Uvg==
  dependencies:
    "@lezer/common" "^0.15.0"

"@lmdb/lmdb-darwin-arm64@2.5.2":
  version "2.5.2"
  resolved "https://registry.yarnpkg.com/@lmdb/lmdb-darwin-arm64/-/lmdb-darwin-arm64-2.5.2.tgz#bc66fa43286b5c082e8fee0eacc17995806b6fbe"
  integrity sha512-+F8ioQIUN68B4UFiIBYu0QQvgb9FmlKw2ctQMSBfW2QBrZIxz9vD9jCGqTCPqZBRbPHAS/vG1zSXnKqnS2ch/A==

"@lmdb/lmdb-darwin-x64@2.5.2":
  version "2.5.2"
  resolved "https://registry.yarnpkg.com/@lmdb/lmdb-darwin-x64/-/lmdb-darwin-x64-2.5.2.tgz#89d8390041bce6bab24a82a20392be22faf54ffc"
  integrity sha512-KvPH56KRLLx4KSfKBx0m1r7GGGUMXm0jrKmNE7plbHlesZMuPJICtn07HYgQhj1LNsK7Yqwuvnqh1QxhJnF1EA==

"@lmdb/lmdb-linux-arm64@2.5.2":
  version "2.5.2"
  resolved "https://registry.yarnpkg.com/@lmdb/lmdb-linux-arm64/-/lmdb-linux-arm64-2.5.2.tgz#14fe4c96c2bb1285f93797f45915fa35ee047268"
  integrity sha512-aLl89VHL/wjhievEOlPocoefUyWdvzVrcQ/MHQYZm2JfV1jUsrbr/ZfkPPUFvZBf+VSE+Q0clWs9l29PCX1hTQ==

"@lmdb/lmdb-linux-arm@2.5.2":
  version "2.5.2"
  resolved "https://registry.yarnpkg.com/@lmdb/lmdb-linux-arm/-/lmdb-linux-arm-2.5.2.tgz#05bde4573ab10cf21827339fe687148f2590cfa1"
  integrity sha512-5kQAP21hAkfW5Bl+e0P57dV4dGYnkNIpR7f/GAh6QHlgXx+vp/teVj4PGRZaKAvt0GX6++N6hF8NnGElLDuIDw==

"@lmdb/lmdb-linux-x64@2.5.2":
  version "2.5.2"
  resolved "https://registry.yarnpkg.com/@lmdb/lmdb-linux-x64/-/lmdb-linux-x64-2.5.2.tgz#d2f85afd857d2c33d2caa5b057944574edafcfee"
  integrity sha512-xUdUfwDJLGjOUPH3BuPBt0NlIrR7f/QHKgu3GZIXswMMIihAekj2i97oI0iWG5Bok/b+OBjHPfa8IU9velnP/Q==

"@lmdb/lmdb-win32-x64@2.5.2":
  version "2.5.2"
  resolved "https://registry.yarnpkg.com/@lmdb/lmdb-win32-x64/-/lmdb-win32-x64-2.5.2.tgz#28f643fbc0bec30b07fbe95b137879b6b4d1c9c5"
  integrity sha512-zrBczSbXKxEyK2ijtbRdICDygRqWSRPpZMN5dD1T8VMEW5RIhIbwFWw2phDRXuBQdVDpSjalCIUMWMV2h3JaZA==

"@mischnic/json-sourcemap@^0.1.0":
  version "0.1.0"
  resolved "https://registry.yarnpkg.com/@mischnic/json-sourcemap/-/json-sourcemap-0.1.0.tgz#38af657be4108140a548638267d02a2ea3336507"
  integrity sha512-dQb3QnfNqmQNYA4nFSN/uLaByIic58gOXq4Y4XqLOWmOrw73KmJPt/HLyG0wvn1bnR6mBKs/Uwvkh+Hns1T0XA==
  dependencies:
    "@lezer/common" "^0.15.7"
    "@lezer/lr" "^0.15.4"
    json5 "^2.2.1"

"@msgpackr-extract/msgpackr-extract-darwin-arm64@3.0.2":
  version "3.0.2"
  resolved "https://registry.yarnpkg.com/@msgpackr-extract/msgpackr-extract-darwin-arm64/-/msgpackr-extract-darwin-arm64-3.0.2.tgz#44d752c1a2dc113f15f781b7cc4f53a307e3fa38"
  integrity sha512-9bfjwDxIDWmmOKusUcqdS4Rw+SETlp9Dy39Xui9BEGEk19dDwH0jhipwFzEff/pFg95NKymc6TOTbRKcWeRqyQ==

"@msgpackr-extract/msgpackr-extract-darwin-x64@3.0.2":
  version "3.0.2"
  resolved "https://registry.yarnpkg.com/@msgpackr-extract/msgpackr-extract-darwin-x64/-/msgpackr-extract-darwin-x64-3.0.2.tgz#f954f34355712212a8e06c465bc06c40852c6bb3"
  integrity sha512-lwriRAHm1Yg4iDf23Oxm9n/t5Zpw1lVnxYU3HnJPTi2lJRkKTrps1KVgvL6m7WvmhYVt/FIsssWay+k45QHeuw==

"@msgpackr-extract/msgpackr-extract-linux-arm64@3.0.2":
  version "3.0.2"
  resolved "https://registry.yarnpkg.com/@msgpackr-extract/msgpackr-extract-linux-arm64/-/msgpackr-extract-linux-arm64-3.0.2.tgz#45c63037f045c2b15c44f80f0393fa24f9655367"
  integrity sha512-FU20Bo66/f7He9Fp9sP2zaJ1Q8L9uLPZQDub/WlUip78JlPeMbVL8546HbZfcW9LNciEXc8d+tThSJjSC+tmsg==

"@msgpackr-extract/msgpackr-extract-linux-arm@3.0.2":
  version "3.0.2"
  resolved "https://registry.yarnpkg.com/@msgpackr-extract/msgpackr-extract-linux-arm/-/msgpackr-extract-linux-arm-3.0.2.tgz#35707efeafe6d22b3f373caf9e8775e8920d1399"
  integrity sha512-MOI9Dlfrpi2Cuc7i5dXdxPbFIgbDBGgKR5F2yWEa6FVEtSWncfVNKW5AKjImAQ6CZlBK9tympdsZJ2xThBiWWA==

"@msgpackr-extract/msgpackr-extract-linux-x64@3.0.2":
  version "3.0.2"
  resolved "https://registry.yarnpkg.com/@msgpackr-extract/msgpackr-extract-linux-x64/-/msgpackr-extract-linux-x64-3.0.2.tgz#091b1218b66c341f532611477ef89e83f25fae4f"
  integrity sha512-gsWNDCklNy7Ajk0vBBf9jEx04RUxuDQfBse918Ww+Qb9HCPoGzS+XJTLe96iN3BVK7grnLiYghP/M4L8VsaHeA==

"@msgpackr-extract/msgpackr-extract-win32-x64@3.0.2":
  version "3.0.2"
  resolved "https://registry.yarnpkg.com/@msgpackr-extract/msgpackr-extract-win32-x64/-/msgpackr-extract-win32-x64-3.0.2.tgz#0f164b726869f71da3c594171df5ebc1c4b0a407"
  integrity sha512-O+6Gs8UeDbyFpbSh2CPEz/UOrrdWPTBYNblZK5CxxLisYt4kGX3Sc+czffFonyjiGSq3jWLwJS/CCJc7tBr4sQ==

"@parcel/cache@2.8.3":
  version "2.8.3"
  resolved "https://registry.yarnpkg.com/@parcel/cache/-/cache-2.8.3.tgz#169e130cf59913c0ed9fadce1a450e68f710e16f"
  integrity sha512-k7xv5vSQrJLdXuglo+Hv3yF4BCSs1tQ/8Vbd6CHTkOhf7LcGg6CPtLw053R/KdMpd/4GPn0QrAsOLdATm1ELtQ==
  dependencies:
    "@parcel/fs" "2.8.3"
    "@parcel/logger" "2.8.3"
    "@parcel/utils" "2.8.3"
    lmdb "2.5.2"

"@parcel/codeframe@2.8.3":
  version "2.8.3"
  resolved "https://registry.yarnpkg.com/@parcel/codeframe/-/codeframe-2.8.3.tgz#84fb529ef70def7f5bc64f6c59b18d24826f5fcc"
  integrity sha512-FE7sY53D6n/+2Pgg6M9iuEC6F5fvmyBkRE4d9VdnOoxhTXtkEqpqYgX7RJ12FAQwNlxKq4suBJQMgQHMF2Kjeg==
  dependencies:
    chalk "^4.1.0"

"@parcel/diagnostic@2.8.3":
  version "2.8.3"
  resolved "https://registry.yarnpkg.com/@parcel/diagnostic/-/diagnostic-2.8.3.tgz#d560276d5d2804b48beafa1feaf3fc6b2ac5e39d"
  integrity sha512-u7wSzuMhLGWZjVNYJZq/SOViS3uFG0xwIcqXw12w54Uozd6BH8JlhVtVyAsq9kqnn7YFkw6pXHqAo5Tzh4FqsQ==
  dependencies:
    "@mischnic/json-sourcemap" "^0.1.0"
    nullthrows "^1.1.1"

"@parcel/events@2.8.3":
  version "2.8.3"
  resolved "https://registry.yarnpkg.com/@parcel/events/-/events-2.8.3.tgz#205f8d874e6ecc2cbdb941bf8d54bae669e571af"
  integrity sha512-hoIS4tAxWp8FJk3628bsgKxEvR7bq2scCVYHSqZ4fTi/s0+VymEATrRCUqf+12e5H47uw1/ZjoqrGtBI02pz4w==

"@parcel/fs-search@2.8.3":
  version "2.8.3"
  resolved "https://registry.yarnpkg.com/@parcel/fs-search/-/fs-search-2.8.3.tgz#1c7d812c110b808758f44c56e61dfffdb09e9451"
  integrity sha512-DJBT2N8knfN7Na6PP2mett3spQLTqxFrvl0gv+TJRp61T8Ljc4VuUTb0hqBj+belaASIp3Q+e8+SgaFQu7wLiQ==
  dependencies:
    detect-libc "^1.0.3"

"@parcel/fs@2.8.3":
  version "2.8.3"
  resolved "https://registry.yarnpkg.com/@parcel/fs/-/fs-2.8.3.tgz#80536afe877fc8a2bd26be5576b9ba27bb4c5754"
  integrity sha512-y+i+oXbT7lP0e0pJZi/YSm1vg0LDsbycFuHZIL80pNwdEppUAtibfJZCp606B7HOjMAlNZOBo48e3hPG3d8jgQ==
  dependencies:
    "@parcel/fs-search" "2.8.3"
    "@parcel/types" "2.8.3"
    "@parcel/utils" "2.8.3"
    "@parcel/watcher" "^2.0.7"
    "@parcel/workers" "2.8.3"

"@parcel/hash@2.8.3":
  version "2.8.3"
  resolved "https://registry.yarnpkg.com/@parcel/hash/-/hash-2.8.3.tgz#bc2499a27395169616cad2a99e19e69b9098f6e9"
  integrity sha512-FVItqzjWmnyP4ZsVgX+G00+6U2IzOvqDtdwQIWisCcVoXJFCqZJDy6oa2qDDFz96xCCCynjRjPdQx2jYBCpfYw==
  dependencies:
    detect-libc "^1.0.3"
    xxhash-wasm "^0.4.2"

"@parcel/logger@2.8.3":
  version "2.8.3"
  resolved "https://registry.yarnpkg.com/@parcel/logger/-/logger-2.8.3.tgz#e14e4debafb3ca9e87c07c06780f9afc38b2712c"
  integrity sha512-Kpxd3O/Vs7nYJIzkdmB6Bvp3l/85ydIxaZaPfGSGTYOfaffSOTkhcW9l6WemsxUrlts4za6CaEWcc4DOvaMOPA==
  dependencies:
    "@parcel/diagnostic" "2.8.3"
    "@parcel/events" "2.8.3"

"@parcel/markdown-ansi@2.8.3":
  version "2.8.3"
  resolved "https://registry.yarnpkg.com/@parcel/markdown-ansi/-/markdown-ansi-2.8.3.tgz#1337d421bb1133ad178f386a8e1b746631bba4a1"
  integrity sha512-4v+pjyoh9f5zuU/gJlNvNFGEAb6J90sOBwpKJYJhdWXLZMNFCVzSigxrYO+vCsi8G4rl6/B2c0LcwIMjGPHmFQ==
  dependencies:
    chalk "^4.1.0"

"@parcel/package-manager@2.8.3":
  version "2.8.3"
  resolved "https://registry.yarnpkg.com/@parcel/package-manager/-/package-manager-2.8.3.tgz#ddd0d62feae3cf0fb6cc0537791b3a16296ad458"
  integrity sha512-tIpY5pD2lH53p9hpi++GsODy6V3khSTX4pLEGuMpeSYbHthnOViobqIlFLsjni+QA1pfc8NNNIQwSNdGjYflVA==
  dependencies:
    "@parcel/diagnostic" "2.8.3"
    "@parcel/fs" "2.8.3"
    "@parcel/logger" "2.8.3"
    "@parcel/types" "2.8.3"
    "@parcel/utils" "2.8.3"
    "@parcel/workers" "2.8.3"
    semver "^5.7.1"

"@parcel/plugin@2.8.3":
  version "2.8.3"
  resolved "https://registry.yarnpkg.com/@parcel/plugin/-/plugin-2.8.3.tgz#7bb30a5775eaa6473c27f002a0a3ee7308d6d669"
  integrity sha512-jZ6mnsS4D9X9GaNnvrixDQwlUQJCohDX2hGyM0U0bY2NWU8Km97SjtoCpWjq+XBCx/gpC4g58+fk9VQeZq2vlw==
  dependencies:
    "@parcel/types" "2.8.3"

"@parcel/source-map@^2.1.1":
  version "2.1.1"
  resolved "https://registry.yarnpkg.com/@parcel/source-map/-/source-map-2.1.1.tgz#fb193b82dba6dd62cc7a76b326f57bb35000a782"
  integrity sha512-Ejx1P/mj+kMjQb8/y5XxDUn4reGdr+WyKYloBljpppUy8gs42T+BNoEOuRYqDVdgPc6NxduzIDoJS9pOFfV5Ew==
  dependencies:
    detect-libc "^1.0.3"

"@parcel/transformer-sass@2.8.3":
  version "2.8.3"
  resolved "https://registry.yarnpkg.com/@parcel/transformer-sass/-/transformer-sass-2.8.3.tgz#d3a0388e77c1e6279b488ccd0abf612d3a0897ff"
  integrity sha512-ak196rjvXdsBOGi5aTkBEKv6i4LKQgOkHuaKEjeT8g2a3CU6Z36J+j2GbZzsznfws/hH+CRTf8bAsbkxtKlkjQ==
  dependencies:
    "@parcel/plugin" "2.8.3"
    "@parcel/source-map" "^2.1.1"
    sass "^1.38.0"

"@parcel/types@2.8.3":
  version "2.8.3"
  resolved "https://registry.yarnpkg.com/@parcel/types/-/types-2.8.3.tgz#3306bc5391b6913bd619914894b8cd84a24b30fa"
  integrity sha512-FECA1FB7+0UpITKU0D6TgGBpGxYpVSMNEENZbSJxFSajNy3wrko+zwBKQmFOLOiPcEtnGikxNs+jkFWbPlUAtw==
  dependencies:
    "@parcel/cache" "2.8.3"
    "@parcel/diagnostic" "2.8.3"
    "@parcel/fs" "2.8.3"
    "@parcel/package-manager" "2.8.3"
    "@parcel/source-map" "^2.1.1"
    "@parcel/workers" "2.8.3"
    utility-types "^3.10.0"

"@parcel/utils@2.8.3":
  version "2.8.3"
  resolved "https://registry.yarnpkg.com/@parcel/utils/-/utils-2.8.3.tgz#0d56c9e8e22c119590a5e044a0e01031965da40e"
  integrity sha512-IhVrmNiJ+LOKHcCivG5dnuLGjhPYxQ/IzbnF2DKNQXWBTsYlHkJZpmz7THoeLtLliGmSOZ3ZCsbR8/tJJKmxjA==
  dependencies:
    "@parcel/codeframe" "2.8.3"
    "@parcel/diagnostic" "2.8.3"
    "@parcel/hash" "2.8.3"
    "@parcel/logger" "2.8.3"
    "@parcel/markdown-ansi" "2.8.3"
    "@parcel/source-map" "^2.1.1"
    chalk "^4.1.0"

"@parcel/watcher@^2.0.7":
  version "2.1.0"
  resolved "https://registry.yarnpkg.com/@parcel/watcher/-/watcher-2.1.0.tgz#5f32969362db4893922c526a842d8af7a8538545"
  integrity sha512-8s8yYjd19pDSsBpbkOHnT6Z2+UJSuLQx61pCFM0s5wSRvKCEMDjd/cHY3/GI1szHIWbpXpsJdg3V6ISGGx9xDw==
  dependencies:
    is-glob "^4.0.3"
    micromatch "^4.0.5"
    node-addon-api "^3.2.1"
    node-gyp-build "^4.3.0"

"@parcel/workers@2.8.3":
  version "2.8.3"
  resolved "https://registry.yarnpkg.com/@parcel/workers/-/workers-2.8.3.tgz#255450ccf4db234082407e4ddda5fd575f08c235"
  integrity sha512-+AxBnKgjqVpUHBcHLWIHcjYgKIvHIpZjN33mG5LG9XXvrZiqdWvouEzqEXlVLq5VzzVbKIQQcmsvRy138YErkg==
  dependencies:
    "@parcel/diagnostic" "2.8.3"
    "@parcel/logger" "2.8.3"
    "@parcel/types" "2.8.3"
    "@parcel/utils" "2.8.3"
    chrome-trace-event "^1.0.2"
    nullthrows "^1.1.1"

ansi-styles@^4.1.0:
  version "4.3.0"
  resolved "https://registry.yarnpkg.com/ansi-styles/-/ansi-styles-4.3.0.tgz#edd803628ae71c04c85ae7a0906edad34b648937"
  integrity sha512-zbB9rCJAT1rbjiVDb2hqKFHNYLxgtk8NURxZ3IZwD3F6NtxbXZQCnnSi1Lkx+IDohdPlFp222wVALIheZJQSEg==
  dependencies:
    color-convert "^2.0.1"

anymatch@~3.1.2:
  version "3.1.3"
  resolved "https://registry.yarnpkg.com/anymatch/-/anymatch-3.1.3.tgz#790c58b19ba1720a84205b57c618d5ad8524973e"
  integrity sha512-KMReFUr0B4t+D+OBkjR3KYqvocp2XaSzO55UcB6mgQMd3KbcE+mWTyvVV7D/zsdEbNnV6acZUutkiHQXvTr1Rw==
  dependencies:
    normalize-path "^3.0.0"
    picomatch "^2.0.4"

binary-extensions@^2.0.0:
  version "2.2.0"
  resolved "https://registry.yarnpkg.com/binary-extensions/-/binary-extensions-2.2.0.tgz#75f502eeaf9ffde42fc98829645be4ea76bd9e2d"
  integrity sha512-jDctJ/IVQbZoJykoeHbhXpOlNBqGNcwXJKJog42E5HDPUwQTSdjCHdihjj0DlnheQ7blbT6dHOafNAiS8ooQKA==

braces@^3.0.2, braces@~3.0.2:
  version "3.0.2"
  resolved "https://registry.yarnpkg.com/braces/-/braces-3.0.2.tgz#3454e1a462ee8d599e236df336cd9ea4f8afe107"
  integrity sha512-b8um+L1RzM3WDSzvhm6gIz1yfTbBt6YTlcEKAvsmqCZZFw46z626lVj9j1yEPW33H5H+lBQpZMP1k8l+78Ha0A==
  dependencies:
    fill-range "^7.0.1"

chalk@^4.1.0:
  version "4.1.2"
  resolved "https://registry.yarnpkg.com/chalk/-/chalk-4.1.2.tgz#aac4e2b7734a740867aeb16bf02aad556a1e7a01"
  integrity sha512-oKnbhFyRIXpUuez8iBMmyEa4nbj4IOQyuhc/wy9kY7/WVPcwIO9VA668Pu8RkO7+0G76SLROeyw9CpQ061i4mA==
  dependencies:
    ansi-styles "^4.1.0"
    supports-color "^7.1.0"

"chokidar@>=3.0.0 <4.0.0":
  version "3.5.3"
  resolved "https://registry.yarnpkg.com/chokidar/-/chokidar-3.5.3.tgz#1cf37c8707b932bd1af1ae22c0432e2acd1903bd"
  integrity sha512-Dr3sfKRP6oTcjf2JmUmFJfeVMvXBdegxB0iVQ5eb2V10uFJUCAS8OByZdVAyVb8xXNz3GjjTgj9kLWsZTqE6kw==
  dependencies:
    anymatch "~3.1.2"
    braces "~3.0.2"
    glob-parent "~5.1.2"
    is-binary-path "~2.1.0"
    is-glob "~4.0.1"
    normalize-path "~3.0.0"
    readdirp "~3.6.0"
  optionalDependencies:
    fsevents "~2.3.2"

chrome-trace-event@^1.0.2:
  version "1.0.3"
  resolved "https://registry.yarnpkg.com/chrome-trace-event/-/chrome-trace-event-1.0.3.tgz#1015eced4741e15d06664a957dbbf50d041e26ac"
  integrity sha512-p3KULyQg4S7NIHixdwbGX+nFHkoBiA4YQmyWtjb8XngSKV124nJmRysgAeujbUVb15vh+RvFUfCPqU7rXk+hZg==

color-convert@^2.0.1:
  version "2.0.1"
  resolved "https://registry.yarnpkg.com/color-convert/-/color-convert-2.0.1.tgz#72d3a68d598c9bdb3af2ad1e84f21d896abd4de3"
  integrity sha512-RRECPsj7iu/xb5oKYcsFHSppFNnsj/52OVTRKb4zP5onXwVF3zVmmToNcOfGC+CRDpfK/U584fMg38ZHCaElKQ==
  dependencies:
    color-name "~1.1.4"

color-name@~1.1.4:
  version "1.1.4"
  resolved "https://registry.yarnpkg.com/color-name/-/color-name-1.1.4.tgz#c2a09a87acbde69543de6f63fa3995c826c536a2"
  integrity sha512-dOy+3AuW3a2wNbZHIuMZpTcgjGuLU/uBL/ubcZF9OXbDo8ff4O8yVp5Bf0efS8uEoYo5q4Fx7dY9OgQGXgAsQA==

detect-libc@^1.0.3:
  version "1.0.3"
  resolved "https://registry.yarnpkg.com/detect-libc/-/detect-libc-1.0.3.tgz#fa137c4bd698edf55cd5cd02ac559f91a4c4ba9b"
  integrity sha512-pGjwhsmsp4kL2RTz08wcOlGN83otlqHeD/Z5T8GXZB+/YcpQ/dgo+lbU8ZsGxV0HIvqqxo9l7mqYwyYMD9bKDg==

fill-range@^7.0.1:
  version "7.0.1"
  resolved "https://registry.yarnpkg.com/fill-range/-/fill-range-7.0.1.tgz#1919a6a7c75fe38b2c7c77e5198535da9acdda40"
  integrity sha512-qOo9F+dMUmC2Lcb4BbVvnKJxTPjCm+RRpe4gDuGrzkL7mEVl/djYSu2OdQ2Pa302N4oqkSg9ir6jaLWJ2USVpQ==
  dependencies:
    to-regex-range "^5.0.1"

fsevents@~2.3.2:
  version "2.3.2"
  resolved "https://registry.yarnpkg.com/fsevents/-/fsevents-2.3.2.tgz#8a526f78b8fdf4623b709e0b975c52c24c02fd1a"
  integrity sha512-xiqMQR4xAeHTuB9uWm+fFRcIOgKBMiOBP+eXiyT7jsgVCq1bkVygt00oASowB7EdtpOHaaPgKt812P9ab+DDKA==

glob-parent@~5.1.2:
  version "5.1.2"
  resolved "https://registry.yarnpkg.com/glob-parent/-/glob-parent-5.1.2.tgz#869832c58034fe68a4093c17dc15e8340d8401c4"
  integrity sha512-AOIgSQCepiJYwP3ARnGx+5VnTu2HBYdzbGP45eLw1vr3zB3vZLeyed1sC9hnbcOc9/SrMyM5RPQrkGz4aS9Zow==
  dependencies:
    is-glob "^4.0.1"

has-flag@^4.0.0:
  version "4.0.0"
  resolved "https://registry.yarnpkg.com/has-flag/-/has-flag-4.0.0.tgz#944771fd9c81c81265c4d6941860da06bb59479b"
  integrity sha512-EykJT/Q1KjTWctppgIAgfSO0tKVuZUjhgMr17kqTumMl6Afv3EISleU7qZUzoXDFTAHTDC4NOoG/ZxU3EvlMPQ==

immutable@^4.0.0:
  version "4.3.0"
  resolved "https://registry.yarnpkg.com/immutable/-/immutable-4.3.0.tgz#eb1738f14ffb39fd068b1dbe1296117484dd34be"
  integrity sha512-0AOCmOip+xgJwEVTQj1EfiDDOkPmuyllDuTuEX+DDXUgapLAsBIfkg3sxCYyCEA8mQqZrrxPUGjcOQ2JS3WLkg==

is-binary-path@~2.1.0:
  version "2.1.0"
  resolved "https://registry.yarnpkg.com/is-binary-path/-/is-binary-path-2.1.0.tgz#ea1f7f3b80f064236e83470f86c09c254fb45b09"
  integrity sha512-ZMERYes6pDydyuGidse7OsHxtbI7WVeUEozgR/g7rd0xUimYNlvZRE/K2MgZTjWy725IfelLeVcEM97mmtRGXw==
  dependencies:
    binary-extensions "^2.0.0"

is-extglob@^2.1.1:
  version "2.1.1"
  resolved "https://registry.yarnpkg.com/is-extglob/-/is-extglob-2.1.1.tgz#a88c02535791f02ed37c76a1b9ea9773c833f8c2"
  integrity sha512-SbKbANkN603Vi4jEZv49LeVJMn4yGwsbzZworEoyEiutsN3nJYdbO36zfhGJ6QEDpOZIFkDtnq5JRxmvl3jsoQ==

is-glob@^4.0.1, is-glob@^4.0.3, is-glob@~4.0.1:
  version "4.0.3"
  resolved "https://registry.yarnpkg.com/is-glob/-/is-glob-4.0.3.tgz#64f61e42cbbb2eec2071a9dac0b28ba1e65d5084"
  integrity sha512-xelSayHH36ZgE7ZWhli7pW34hNbNl8Ojv5KVmkJD4hBdD3th8Tfk9vYasLM+mXWOZhFkgZfxhLSnrwRr4elSSg==
  dependencies:
    is-extglob "^2.1.1"

is-number@^7.0.0:
  version "7.0.0"
  resolved "https://registry.yarnpkg.com/is-number/-/is-number-7.0.0.tgz#7535345b896734d5f80c4d06c50955527a14f12b"
  integrity sha512-41Cifkg6e8TylSpdtTpeLVMqvSBEVzTttHvERD741+pnZ8ANv0004MRL43QKPDlK9cGvNp6NZWZUBlbGXYxxng==

json5@^2.2.1:
  version "2.2.3"
  resolved "https://registry.yarnpkg.com/json5/-/json5-2.2.3.tgz#78cd6f1a19bdc12b73db5ad0c61efd66c1e29283"
  integrity sha512-XmOWe7eyHYH14cLdVPoyg+GOH3rYX++KpzrylJwSW98t3Nk+U8XOl8FWKOgwtzdb8lXGf6zYwDUzeHMWfxasyg==

lmdb@2.5.2:
  version "2.5.2"
  resolved "https://registry.yarnpkg.com/lmdb/-/lmdb-2.5.2.tgz#37e28a9fb43405f4dc48c44cec0e13a14c4a6ff1"
  integrity sha512-V5V5Xa2Hp9i2XsbDALkBTeHXnBXh/lEmk9p22zdr7jtuOIY9TGhjK6vAvTpOOx9IKU4hJkRWZxn/HsvR1ELLtA==
  dependencies:
    msgpackr "^1.5.4"
    node-addon-api "^4.3.0"
    node-gyp-build-optional-packages "5.0.3"
    ordered-binary "^1.2.4"
    weak-lru-cache "^1.2.2"
  optionalDependencies:
    "@lmdb/lmdb-darwin-arm64" "2.5.2"
    "@lmdb/lmdb-darwin-x64" "2.5.2"
    "@lmdb/lmdb-linux-arm" "2.5.2"
    "@lmdb/lmdb-linux-arm64" "2.5.2"
    "@lmdb/lmdb-linux-x64" "2.5.2"
    "@lmdb/lmdb-win32-x64" "2.5.2"

micromatch@^4.0.5:
  version "4.0.5"
  resolved "https://registry.yarnpkg.com/micromatch/-/micromatch-4.0.5.tgz#bc8999a7cbbf77cdc89f132f6e467051b49090c6"
  integrity sha512-DMy+ERcEW2q8Z2Po+WNXuw3c5YaUSFjAO5GsJqfEl7UjvtIuFKO6ZrKvcItdy98dwFI2N1tg3zNIdKaQT+aNdA==
  dependencies:
    braces "^3.0.2"
    picomatch "^2.3.1"

msgpackr-extract@^3.0.1:
  version "3.0.2"
  resolved "https://registry.yarnpkg.com/msgpackr-extract/-/msgpackr-extract-3.0.2.tgz#e05ec1bb4453ddf020551bcd5daaf0092a2c279d"
  integrity sha512-SdzXp4kD/Qf8agZ9+iTu6eql0m3kWm1A2y1hkpTeVNENutaB0BwHlSvAIaMxwntmRUAUjon2V4L8Z/njd0Ct8A==
  dependencies:
    node-gyp-build-optional-packages "5.0.7"
  optionalDependencies:
    "@msgpackr-extract/msgpackr-extract-darwin-arm64" "3.0.2"
    "@msgpackr-extract/msgpackr-extract-darwin-x64" "3.0.2"
    "@msgpackr-extract/msgpackr-extract-linux-arm" "3.0.2"
    "@msgpackr-extract/msgpackr-extract-linux-arm64" "3.0.2"
    "@msgpackr-extract/msgpackr-extract-linux-x64" "3.0.2"
    "@msgpackr-extract/msgpackr-extract-win32-x64" "3.0.2"

msgpackr@^1.5.4:
  version "1.8.5"
  resolved "https://registry.yarnpkg.com/msgpackr/-/msgpackr-1.8.5.tgz#8cadfb935357680648f33699d0e833c9179dbfeb"
  integrity sha512-mpPs3qqTug6ahbblkThoUY2DQdNXcm4IapwOS3Vm/87vmpzLVelvp9h3It1y9l1VPpiFLV11vfOXnmeEwiIXwg==
  optionalDependencies:
    msgpackr-extract "^3.0.1"

node-addon-api@^3.2.1:
  version "3.2.1"
  resolved "https://registry.yarnpkg.com/node-addon-api/-/node-addon-api-3.2.1.tgz#81325e0a2117789c0128dab65e7e38f07ceba161"
  integrity sha512-mmcei9JghVNDYydghQmeDX8KoAm0FAiYyIcUt/N4nhyAipB17pllZQDOJD2fotxABnt4Mdz+dKTO7eftLg4d0A==

node-addon-api@^4.3.0:
  version "4.3.0"
  resolved "https://registry.yarnpkg.com/node-addon-api/-/node-addon-api-4.3.0.tgz#52a1a0b475193e0928e98e0426a0d1254782b77f"
  integrity sha512-73sE9+3UaLYYFmDsFZnqCInzPyh3MqIwZO9cw58yIqAZhONrrabrYyYe3TuIqtIiOuTXVhsGau8hcrhhwSsDIQ==

node-gyp-build-optional-packages@5.0.3:
  version "5.0.3"
  resolved "https://registry.yarnpkg.com/node-gyp-build-optional-packages/-/node-gyp-build-optional-packages-5.0.3.tgz#92a89d400352c44ad3975010368072b41ad66c17"
  integrity sha512-k75jcVzk5wnnc/FMxsf4udAoTEUv2jY3ycfdSd3yWu6Cnd1oee6/CfZJApyscA4FJOmdoixWwiwOyf16RzD5JA==

node-gyp-build-optional-packages@5.0.7:
  version "5.0.7"
  resolved "https://registry.yarnpkg.com/node-gyp-build-optional-packages/-/node-gyp-build-optional-packages-5.0.7.tgz#5d2632bbde0ab2f6e22f1bbac2199b07244ae0b3"
  integrity sha512-YlCCc6Wffkx0kHkmam79GKvDQ6x+QZkMjFGrIMxgFNILFvGSbCp2fCBC55pGTT9gVaz8Na5CLmxt/urtzRv36w==

node-gyp-build@^4.3.0:
  version "4.6.0"
  resolved "https://registry.yarnpkg.com/node-gyp-build/-/node-gyp-build-4.6.0.tgz#0c52e4cbf54bbd28b709820ef7b6a3c2d6209055"
  integrity sha512-NTZVKn9IylLwUzaKjkas1e4u2DLNcV4rdYagA4PWdPwW87Bi7z+BznyKSRwS/761tV/lzCGXplWsiaMjLqP2zQ==

normalize-path@^3.0.0, normalize-path@~3.0.0:
  version "3.0.0"
  resolved "https://registry.yarnpkg.com/normalize-path/-/normalize-path-3.0.0.tgz#0dcd69ff23a1c9b11fd0978316644a0388216a65"
  integrity sha512-6eZs5Ls3WtCisHWp9S2GUy8dqkpGi4BVSz3GaqiE6ezub0512ESztXUwUB6C6IKbQkY2Pnb/mD4WYojCRwcwLA==

nullthrows@^1.1.1:
  version "1.1.1"
  resolved "https://registry.yarnpkg.com/nullthrows/-/nullthrows-1.1.1.tgz#7818258843856ae971eae4208ad7d7eb19a431b1"
  integrity sha512-2vPPEi+Z7WqML2jZYddDIfy5Dqb0r2fze2zTxNNknZaFpVHU3mFB3R+DWeJWGVx0ecvttSGlJTI+WG+8Z4cDWw==

ordered-binary@^1.2.4:
  version "1.4.0"
  resolved "https://registry.yarnpkg.com/ordered-binary/-/ordered-binary-1.4.0.tgz#6bb53d44925f3b8afc33d1eed0fa15693b211389"
  integrity sha512-EHQ/jk4/a9hLupIKxTfUsQRej1Yd/0QLQs3vGvIqg5ZtCYSzNhkzHoZc7Zf4e4kUlDaC3Uw8Q/1opOLNN2OKRQ==

picomatch@^2.0.4, picomatch@^2.2.1, picomatch@^2.3.1:
  version "2.3.1"
  resolved "https://registry.yarnpkg.com/picomatch/-/picomatch-2.3.1.tgz#3ba3833733646d9d3e4995946c1365a67fb07a42"
  integrity sha512-JU3teHTNjmE2VCGFzuY8EXzCDVwEqB2a8fsIvwaStHhAWJEeVd1o1QD80CU6+ZdEXXSLbSsuLwJjkCBWqRQUVA==

readdirp@~3.6.0:
  version "3.6.0"
  resolved "https://registry.yarnpkg.com/readdirp/-/readdirp-3.6.0.tgz#74a370bd857116e245b29cc97340cd431a02a6c7"
  integrity sha512-hOS089on8RduqdbhvQ5Z37A0ESjsqz6qnRcffsMU3495FuTdqSm+7bhJ29JvIOsBDEEnan5DPu9t3To9VRlMzA==
  dependencies:
    picomatch "^2.2.1"

sass@^1.38.0:
  version "1.62.0"
  resolved "https://registry.yarnpkg.com/sass/-/sass-1.62.0.tgz#3686b2195b93295d20765135e562366b33ece37d"
  integrity sha512-Q4USplo4pLYgCi+XlipZCWUQz5pkg/ruSSgJ0WRDSb/+3z9tXUOkQ7QPYn4XrhZKYAK4HlpaQecRwKLJX6+DBg==
  dependencies:
    chokidar ">=3.0.0 <4.0.0"
    immutable "^4.0.0"
    source-map-js ">=0.6.2 <2.0.0"

semver@^5.7.1:
  version "5.7.1"
  resolved "https://registry.yarnpkg.com/semver/-/semver-5.7.1.tgz#a954f931aeba508d307bbf069eff0c01c96116f7"
  integrity sha512-sauaDf/PZdVgrLTNYHRtpXa1iRiKcaebiKQ1BJdpQlWH2lCvexQdX55snPFyK7QzpudqbCI0qXFfOasHdyNDGQ==

"source-map-js@>=0.6.2 <2.0.0":
  version "1.0.2"
  resolved "https://registry.yarnpkg.com/source-map-js/-/source-map-js-1.0.2.tgz#adbc361d9c62df380125e7f161f71c826f1e490c"
  integrity sha512-R0XvVJ9WusLiqTCEiGCmICCMplcCkIwwR11mOSD9CR5u+IXYdiseeEuXCVAjS54zqwkLcPNnmU4OeJ6tUrWhDw==

supports-color@^7.1.0:
  version "7.2.0"
  resolved "https://registry.yarnpkg.com/supports-color/-/supports-color-7.2.0.tgz#1b7dcdcb32b8138801b3e478ba6a51caa89648da"
  integrity sha512-qpCAvRl9stuOHveKsn7HncJRvv501qIacKzQlO/+Lwxc9+0q2wLyv4Dfvt80/DPn2pqOBsJdDiogXGR9+OvwRw==
  dependencies:
    has-flag "^4.0.0"

to-regex-range@^5.0.1:
  version "5.0.1"
  resolved "https://registry.yarnpkg.com/to-regex-range/-/to-regex-range-5.0.1.tgz#1648c44aae7c8d988a326018ed72f5b4dd0392e4"
  integrity sha512-65P7iz6X5yEr1cwcgvQxbbIw7Uk3gOy5dIdtZ4rDveLqhrdJP+Li/Hx6tyK0NEb+2GCyneCMJiGqrADCSNk8sQ==
  dependencies:
    is-number "^7.0.0"

utility-types@^3.10.0:
  version "3.10.0"
  resolved "https://registry.yarnpkg.com/utility-types/-/utility-types-3.10.0.tgz#ea4148f9a741015f05ed74fd615e1d20e6bed82b"
  integrity sha512-O11mqxmi7wMKCo6HKFt5AhO4BwY3VV68YU07tgxfz8zJTIxr4BpsezN49Ffwy9j3ZpwwJp4fkRwjRzq3uWE6Rg==

weak-lru-cache@^1.2.2:
  version "1.2.2"
  resolved "https://registry.yarnpkg.com/weak-lru-cache/-/weak-lru-cache-1.2.2.tgz#fdbb6741f36bae9540d12f480ce8254060dccd19"
  integrity sha512-DEAoo25RfSYMuTGc9vPJzZcZullwIqRDSI9LOy+fkCJPi6hykCnfKaXTuPBDuXAUcqHXyOgFtHNp/kB2FjYHbw==

xxhash-wasm@^0.4.2:
  version "0.4.2"
  resolved "https://registry.yarnpkg.com/xxhash-wasm/-/xxhash-wasm-0.4.2.tgz#752398c131a4dd407b5132ba62ad372029be6f79"
  integrity sha512-/eyHVRJQCirEkSZ1agRSCwriMhwlyUcFkXD5TPVSLP+IPzjsqMVzZwdoczLp1SoQU0R3dxz1RpIK+4YNQbCVOA==
